
Microsoft Visual Studio Solution File, Format Version 12.00
# Visual Studio 15
VisualStudioVersion = 15.0.28010.2026
MinimumVisualStudioVersion = 10.0.40219.1
Project("{FAE04EC0-301F-11D3-BF4B-00C04F79EFBC}") = "OverwatchHeroPicker.Android", "OverwatchHeroPicker\OverwatchHeroPicker.Android\OverwatchHeroPicker.Android.csproj", "{43C0240D-B21D-45BB-95F8-888D4A1F02DB}"
EndProject
Project("{FAE04EC0-301F-11D3-BF4B-00C04F79EFBC}") = "OverwatchHeroPicker.iOS", "OverwatchHeroPicker\OverwatchHeroPicker.iOS\OverwatchHeroPicker.iOS.csproj", "{C2328ABD-8C9B-4ECC-BE31-D81E73796368}"
EndProject
Project("{FAE04EC0-301F-11D3-BF4B-00C04F79EFBC}") = "OverwatchHeroPicker.UWP", "OverwatchHeroPicker\OverwatchHeroPicker.UWP\OverwatchHeroPicker.UWP.csproj", "{98738590-9C4B-4E0B-8F03-C417C3262B33}"
EndProject
Project("{FAE04EC0-301F-11D3-BF4B-00C04F79EFBC}") = "OverwatchHeroPicker", "OverwatchHeroPicker\OverwatchHeroPicker\OverwatchHeroPicker.csproj", "{2FA4E31C-02FE-4B24-8739-447C91ED2CBE}"
EndProject
Global
	GlobalSection(SolutionConfigurationPlatforms) = preSolution
		Ad-Hoc|Any CPU = Ad-Hoc|Any CPU
		Ad-Hoc|ARM = Ad-Hoc|ARM
		Ad-Hoc|iPhone = Ad-Hoc|iPhone
		Ad-Hoc|iPhoneSimulator = Ad-Hoc|iPhoneSimulator
		Ad-Hoc|x64 = Ad-Hoc|x64
		Ad-Hoc|x86 = Ad-Hoc|x86
		AppStore|Any CPU = AppStore|Any CPU
		AppStore|ARM = AppStore|ARM
		AppStore|iPhone = AppStore|iPhone
		AppStore|iPhoneSimulator = AppStore|iPhoneSimulator
		AppStore|x64 = AppStore|x64
		AppStore|x86 = AppStore|x86
		Debug|Any CPU = Debug|Any CPU
		Debug|ARM = Debug|ARM
		Debug|iPhone = Debug|iPhone
		Debug|iPhoneSimulator = Debug|iPhoneSimulator
		Debug|x64 = Debug|x64
		Debug|x86 = Debug|x86
		Release|Any CPU = Release|Any CPU
		Release|ARM = Release|ARM
		Release|iPhone = Release|iPhone
		Release|iPhoneSimulator = Release|iPhoneSimulator
		Release|x64 = Release|x64
		Release|x86 = Release|x86
	EndGlobalSection
	GlobalSection(ProjectConfigurationPlatforms) = postSolution
		{43C0240D-B21D-45BB-95F8-888D4A1F02DB}.Ad-Hoc|Any CPU.ActiveCfg = Release|Any CPU
		{43C0240D-B21D-45BB-95F8-888D4A1F02DB}.Ad-Hoc|Any CPU.Build.0 = Release|Any CPU
		{43C0240D-B21D-45BB-95F8-888D4A1F02DB}.Ad-Hoc|Any CPU.Deploy.0 = Release|Any CPU
		{43C0240D-B21D-45BB-95F8-888D4A1F02DB}.Ad-Hoc|ARM.ActiveCfg = Release|Any CPU
		{43C0240D-B21D-45BB-95F8-888D4A1F02DB}.Ad-Hoc|ARM.Build.0 = Release|Any CPU
		{43C0240D-B21D-45BB-95F8-888D4A1F02DB}.Ad-Hoc|ARM.Deploy.0 = Release|Any CPU
		{43C0240D-B21D-45BB-95F8-888D4A1F02DB}.Ad-Hoc|iPhone.ActiveCfg = Release|Any CPU
		{43C0240D-B21D-45BB-95F8-888D4A1F02DB}.Ad-Hoc|iPhone.Build.0 = Release|Any CPU
		{43C0240D-B21D-45BB-95F8-888D4A1F02DB}.Ad-Hoc|iPhone.Deploy.0 = Release|Any CPU
		{43C0240D-B21D-45BB-95F8-888D4A1F02DB}.Ad-Hoc|iPhoneSimulator.ActiveCfg = Release|Any CPU
		{43C0240D-B21D-45BB-95F8-888D4A1F02DB}.Ad-Hoc|iPhoneSimulator.Build.0 = Release|Any CPU
		{43C0240D-B21D-45BB-95F8-888D4A1F02DB}.Ad-Hoc|iPhoneSimulator.Deploy.0 = Release|Any CPU
		{43C0240D-B21D-45BB-95F8-888D4A1F02DB}.Ad-Hoc|x64.ActiveCfg = Release|Any CPU
		{43C0240D-B21D-45BB-95F8-888D4A1F02DB}.Ad-Hoc|x64.Build.0 = Release|Any CPU
		{43C0240D-B21D-45BB-95F8-888D4A1F02DB}.Ad-Hoc|x64.Deploy.0 = Release|Any CPU
		{43C0240D-B21D-45BB-95F8-888D4A1F02DB}.Ad-Hoc|x86.ActiveCfg = Release|Any CPU
		{43C0240D-B21D-45BB-95F8-888D4A1F02DB}.Ad-Hoc|x86.Build.0 = Release|Any CPU
		{43C0240D-B21D-45BB-95F8-888D4A1F02DB}.Ad-Hoc|x86.Deploy.0 = Release|Any CPU
		{43C0240D-B21D-45BB-95F8-888D4A1F02DB}.AppStore|Any CPU.ActiveCfg = Release|Any CPU
		{43C0240D-B21D-45BB-95F8-888D4A1F02DB}.AppStore|Any CPU.Build.0 = Release|Any CPU
		{43C0240D-B21D-45BB-95F8-888D4A1F02DB}.AppStore|Any CPU.Deploy.0 = Release|Any CPU
		{43C0240D-B21D-45BB-95F8-888D4A1F02DB}.AppStore|ARM.ActiveCfg = Release|Any CPU
		{43C0240D-B21D-45BB-95F8-888D4A1F02DB}.AppStore|ARM.Build.0 = Release|Any CPU
		{43C0240D-B21D-45BB-95F8-888D4A1F02DB}.AppStore|ARM.Deploy.0 = Release|Any CPU
		{43C0240D-B21D-45BB-95F8-888D4A1F02DB}.AppStore|iPhone.ActiveCfg = Release|Any CPU
		{43C0240D-B21D-45BB-95F8-888D4A1F02DB}.AppStore|iPhone.Build.0 = Release|Any CPU
		{43C0240D-B21D-45BB-95F8-888D4A1F02DB}.AppStore|iPhone.Deploy.0 = Release|Any CPU
		{43C0240D-B21D-45BB-95F8-888D4A1F02DB}.AppStore|iPhoneSimulator.ActiveCfg = Release|Any CPU
		{43C0240D-B21D-45BB-95F8-888D4A1F02DB}.AppStore|iPhoneSimulator.Build.0 = Release|Any CPU
		{43C0240D-B21D-45BB-95F8-888D4A1F02DB}.AppStore|iPhoneSimulator.Deploy.0 = Release|Any CPU
		{43C0240D-B21D-45BB-95F8-888D4A1F02DB}.AppStore|x64.ActiveCfg = Release|Any CPU
		{43C0240D-B21D-45BB-95F8-888D4A1F02DB}.AppStore|x64.Build.0 = Release|Any CPU
		{43C0240D-B21D-45BB-95F8-888D4A1F02DB}.AppStore|x64.Deploy.0 = Release|Any CPU
		{43C0240D-B21D-45BB-95F8-888D4A1F02DB}.AppStore|x86.ActiveCfg = Release|Any CPU
		{43C0240D-B21D-45BB-95F8-888D4A1F02DB}.AppStore|x86.Build.0 = Release|Any CPU
		{43C0240D-B21D-45BB-95F8-888D4A1F02DB}.AppStore|x86.Deploy.0 = Release|Any CPU
		{43C0240D-B21D-45BB-95F8-888D4A1F02DB}.Debug|Any CPU.ActiveCfg = Debug|Any CPU
		{43C0240D-B21D-45BB-95F8-888D4A1F02DB}.Debug|Any CPU.Build.0 = Debug|Any CPU
		{43C0240D-B21D-45BB-95F8-888D4A1F02DB}.Debug|Any CPU.Deploy.0 = Debug|Any CPU
		{43C0240D-B21D-45BB-95F8-888D4A1F02DB}.Debug|ARM.ActiveCfg = Debug|Any CPU
		{43C0240D-B21D-45BB-95F8-888D4A1F02DB}.Debug|ARM.Build.0 = Debug|Any CPU
		{43C0240D-B21D-45BB-95F8-888D4A1F02DB}.Debug|ARM.Deploy.0 = Debug|Any CPU
		{43C0240D-B21D-45BB-95F8-888D4A1F02DB}.Debug|iPhone.ActiveCfg = Debug|Any CPU
		{43C0240D-B21D-45BB-95F8-888D4A1F02DB}.Debug|iPhone.Build.0 = Debug|Any CPU
		{43C0240D-B21D-45BB-95F8-888D4A1F02DB}.Debug|iPhone.Deploy.0 = Debug|Any CPU
		{43C0240D-B21D-45BB-95F8-888D4A1F02DB}.Debug|iPhoneSimulator.ActiveCfg = Debug|Any CPU
		{43C0240D-B21D-45BB-95F8-888D4A1F02DB}.Debug|iPhoneSimulator.Build.0 = Debug|Any CPU
		{43C0240D-B21D-45BB-95F8-888D4A1F02DB}.Debug|iPhoneSimulator.Deploy.0 = Debug|Any CPU
		{43C0240D-B21D-45BB-95F8-888D4A1F02DB}.Debug|x64.ActiveCfg = Debug|Any CPU
		{43C0240D-B21D-45BB-95F8-888D4A1F02DB}.Debug|x64.Build.0 = Debug|Any CPU
		{43C0240D-B21D-45BB-95F8-888D4A1F02DB}.Debug|x64.Deploy.0 = Debug|Any CPU
		{43C0240D-B21D-45BB-95F8-888D4A1F02DB}.Debug|x86.ActiveCfg = Debug|Any CPU
		{43C0240D-B21D-45BB-95F8-888D4A1F02DB}.Debug|x86.Build.0 = Debug|Any CPU
		{43C0240D-B21D-45BB-95F8-888D4A1F02DB}.Debug|x86.Deploy.0 = Debug|Any CPU
		{43C0240D-B21D-45BB-95F8-888D4A1F02DB}.Release|Any CPU.ActiveCfg = Release|Any CPU
		{43C0240D-B21D-45BB-95F8-888D4A1F02DB}.Release|Any CPU.Build.0 = Release|Any CPU
		{43C0240D-B21D-45BB-95F8-888D4A1F02DB}.Release|Any CPU.Deploy.0 = Release|Any CPU
		{43C0240D-B21D-45BB-95F8-888D4A1F02DB}.Release|ARM.ActiveCfg = Release|Any CPU
		{43C0240D-B21D-45BB-95F8-888D4A1F02DB}.Release|ARM.Build.0 = Release|Any CPU
		{43C0240D-B21D-45BB-95F8-888D4A1F02DB}.Release|ARM.Deploy.0 = Release|Any CPU
		{43C0240D-B21D-45BB-95F8-888D4A1F02DB}.Release|iPhone.ActiveCfg = Release|Any CPU
		{43C0240D-B21D-45BB-95F8-888D4A1F02DB}.Release|iPhone.Build.0 = Release|Any CPU
		{43C0240D-B21D-45BB-95F8-888D4A1F02DB}.Release|iPhone.Deploy.0 = Release|Any CPU
		{43C0240D-B21D-45BB-95F8-888D4A1F02DB}.Release|iPhoneSimulator.ActiveCfg = Release|Any CPU
		{43C0240D-B21D-45BB-95F8-888D4A1F02DB}.Release|iPhoneSimulator.Build.0 = Release|Any CPU
		{43C0240D-B21D-45BB-95F8-888D4A1F02DB}.Release|iPhoneSimulator.Deploy.0 = Release|Any CPU
		{43C0240D-B21D-45BB-95F8-888D4A1F02DB}.Release|x64.ActiveCfg = Release|Any CPU
		{43C0240D-B21D-45BB-95F8-888D4A1F02DB}.Release|x64.Build.0 = Release|Any CPU
		{43C0240D-B21D-45BB-95F8-888D4A1F02DB}.Release|x64.Deploy.0 = Release|Any CPU
		{43C0240D-B21D-45BB-95F8-888D4A1F02DB}.Release|x86.ActiveCfg = Release|Any CPU
		{43C0240D-B21D-45BB-95F8-888D4A1F02DB}.Release|x86.Build.0 = Release|Any CPU
		{43C0240D-B21D-45BB-95F8-888D4A1F02DB}.Release|x86.Deploy.0 = Release|Any CPU
		{C2328ABD-8C9B-4ECC-BE31-D81E73796368}.Ad-Hoc|Any CPU.ActiveCfg = Ad-Hoc|iPhone
		{C2328ABD-8C9B-4ECC-BE31-D81E73796368}.Ad-Hoc|Any CPU.Build.0 = Ad-Hoc|iPhone
		{C2328ABD-8C9B-4ECC-BE31-D81E73796368}.Ad-Hoc|Any CPU.Deploy.0 = Ad-Hoc|iPhone
		{C2328ABD-8C9B-4ECC-BE31-D81E73796368}.Ad-Hoc|ARM.ActiveCfg = Ad-Hoc|iPhone
		{C2328ABD-8C9B-4ECC-BE31-D81E73796368}.Ad-Hoc|ARM.Build.0 = Ad-Hoc|iPhone
		{C2328ABD-8C9B-4ECC-BE31-D81E73796368}.Ad-Hoc|ARM.Deploy.0 = Ad-Hoc|iPhone
		{C2328ABD-8C9B-4ECC-BE31-D81E73796368}.Ad-Hoc|iPhone.ActiveCfg = Ad-Hoc|iPhone
		{C2328ABD-8C9B-4ECC-BE31-D81E73796368}.Ad-Hoc|iPhone.Build.0 = Ad-Hoc|iPhone
		{C2328ABD-8C9B-4ECC-BE31-D81E73796368}.Ad-Hoc|iPhone.Deploy.0 = Ad-Hoc|iPhone
		{C2328ABD-8C9B-4ECC-BE31-D81E73796368}.Ad-Hoc|iPhoneSimulator.ActiveCfg = Ad-Hoc|iPhoneSimulator
		{C2328ABD-8C9B-4ECC-BE31-D81E73796368}.Ad-Hoc|iPhoneSimulator.Build.0 = Ad-Hoc|iPhoneSimulator
		{C2328ABD-8C9B-4ECC-BE31-D81E73796368}.Ad-Hoc|iPhoneSimulator.Deploy.0 = Ad-Hoc|iPhoneSimulator
		{C2328ABD-8C9B-4ECC-BE31-D81E73796368}.Ad-Hoc|x64.ActiveCfg = Ad-Hoc|iPhone
		{C2328ABD-8C9B-4ECC-BE31-D81E73796368}.Ad-Hoc|x64.Build.0 = Ad-Hoc|iPhone
		{C2328ABD-8C9B-4ECC-BE31-D81E73796368}.Ad-Hoc|x64.Deploy.0 = Ad-Hoc|iPhone
		{C2328ABD-8C9B-4ECC-BE31-D81E73796368}.Ad-Hoc|x86.ActiveCfg = Ad-Hoc|iPhone
		{C2328ABD-8C9B-4ECC-BE31-D81E73796368}.Ad-Hoc|x86.Build.0 = Ad-Hoc|iPhone
		{C2328ABD-8C9B-4ECC-BE31-D81E73796368}.Ad-Hoc|x86.Deploy.0 = Ad-Hoc|iPhone
		{C2328ABD-8C9B-4ECC-BE31-D81E73796368}.AppStore|Any CPU.ActiveCfg = AppStore|iPhone
		{C2328ABD-8C9B-4ECC-BE31-D81E73796368}.AppStore|Any CPU.Build.0 = AppStore|iPhone
		{C2328ABD-8C9B-4ECC-BE31-D81E73796368}.AppStore|Any CPU.Deploy.0 = AppStore|iPhone
		{C2328ABD-8C9B-4ECC-BE31-D81E73796368}.AppStore|ARM.ActiveCfg = AppStore|iPhone
		{C2328ABD-8C9B-4ECC-BE31-D81E73796368}.AppStore|ARM.Build.0 = AppStore|iPhone
		{C2328ABD-8C9B-4ECC-BE31-D81E73796368}.AppStore|ARM.Deploy.0 = AppStore|iPhone
		{C2328ABD-8C9B-4ECC-BE31-D81E73796368}.AppStore|iPhone.ActiveCfg = AppStore|iPhone
		{C2328ABD-8C9B-4ECC-BE31-D81E73796368}.AppStore|iPhone.Build.0 = AppStore|iPhone
		{C2328ABD-8C9B-4ECC-BE31-D81E73796368}.AppStore|iPhone.Deploy.0 = AppStore|iPhone
		{C2328ABD-8C9B-4ECC-BE31-D81E73796368}.AppStore|iPhoneSimulator.ActiveCfg = AppStore|iPhoneSimulator
		{C2328ABD-8C9B-4ECC-BE31-D81E73796368}.AppStore|iPhoneSimulator.Build.0 = AppStore|iPhoneSimulator
		{C2328ABD-8C9B-4ECC-BE31-D81E73796368}.AppStore|iPhoneSimulator.Deploy.0 = AppStore|iPhoneSimulator
		{C2328ABD-8C9B-4ECC-BE31-D81E73796368}.AppStore|x64.ActiveCfg = AppStore|iPhone
		{C2328ABD-8C9B-4ECC-BE31-D81E73796368}.AppStore|x64.Build.0 = AppStore|iPhone
		{C2328ABD-8C9B-4ECC-BE31-D81E73796368}.AppStore|x64.Deploy.0 = AppStore|iPhone
		{C2328ABD-8C9B-4ECC-BE31-D81E73796368}.AppStore|x86.ActiveCfg = AppStore|iPhone
		{C2328ABD-8C9B-4ECC-BE31-D81E73796368}.AppStore|x86.Build.0 = AppStore|iPhone
		{C2328ABD-8C9B-4ECC-BE31-D81E73796368}.AppStore|x86.Deploy.0 = AppStore|iPhone
		{C2328ABD-8C9B-4ECC-BE31-D81E73796368}.Debug|Any CPU.ActiveCfg = Debug|iPhoneSimulator
		{C2328ABD-8C9B-4ECC-BE31-D81E73796368}.Debug|Any CPU.Build.0 = Debug|iPhoneSimulator
		{C2328ABD-8C9B-4ECC-BE31-D81E73796368}.Debug|Any CPU.Deploy.0 = Debug|iPhoneSimulator
		{C2328ABD-8C9B-4ECC-BE31-D81E73796368}.Debug|ARM.ActiveCfg = Debug|iPhone
		{C2328ABD-8C9B-4ECC-BE31-D81E73796368}.Debug|ARM.Build.0 = Debug|iPhone
		{C2328ABD-8C9B-4ECC-BE31-D81E73796368}.Debug|ARM.Deploy.0 = Debug|iPhone
		{C2328ABD-8C9B-4ECC-BE31-D81E73796368}.Debug|iPhone.ActiveCfg = Debug|iPhone
		{C2328ABD-8C9B-4ECC-BE31-D81E73796368}.Debug|iPhone.Build.0 = Debug|iPhone
		{C2328ABD-8C9B-4ECC-BE31-D81E73796368}.Debug|iPhone.Deploy.0 = Debug|iPhone
		{C2328ABD-8C9B-4ECC-BE31-D81E73796368}.Debug|iPhoneSimulator.ActiveCfg = Debug|iPhoneSimulator
		{C2328ABD-8C9B-4ECC-BE31-D81E73796368}.Debug|iPhoneSimulator.Build.0 = Debug|iPhoneSimulator
		{C2328ABD-8C9B-4ECC-BE31-D81E73796368}.Debug|iPhoneSimulator.Deploy.0 = Debug|iPhoneSimulator
		{C2328ABD-8C9B-4ECC-BE31-D81E73796368}.Debug|x64.ActiveCfg = Debug|iPhone
		{C2328ABD-8C9B-4ECC-BE31-D81E73796368}.Debug|x64.Build.0 = Debug|iPhone
		{C2328ABD-8C9B-4ECC-BE31-D81E73796368}.Debug|x64.Deploy.0 = Debug|iPhone
		{C2328ABD-8C9B-4ECC-BE31-D81E73796368}.Debug|x86.ActiveCfg = Debug|iPhone
		{C2328ABD-8C9B-4ECC-BE31-D81E73796368}.Debug|x86.Build.0 = Debug|iPhone
		{C2328ABD-8C9B-4ECC-BE31-D81E73796368}.Debug|x86.Deploy.0 = Debug|iPhone
		{C2328ABD-8C9B-4ECC-BE31-D81E73796368}.Release|Any CPU.ActiveCfg = Release|iPhone
		{C2328ABD-8C9B-4ECC-BE31-D81E73796368}.Release|Any CPU.Build.0 = Release|iPhone
		{C2328ABD-8C9B-4ECC-BE31-D81E73796368}.Release|Any CPU.Deploy.0 = Release|iPhone
		{C2328ABD-8C9B-4ECC-BE31-D81E73796368}.Release|ARM.ActiveCfg = Release|iPhone
		{C2328ABD-8C9B-4ECC-BE31-D81E73796368}.Release|ARM.Build.0 = Release|iPhone
		{C2328ABD-8C9B-4ECC-BE31-D81E73796368}.Release|ARM.Deploy.0 = Release|iPhone
		{C2328ABD-8C9B-4ECC-BE31-D81E73796368}.Release|iPhone.ActiveCfg = Release|iPhone
		{C2328ABD-8C9B-4ECC-BE31-D81E73796368}.Release|iPhone.Build.0 = Release|iPhone
		{C2328ABD-8C9B-4ECC-BE31-D81E73796368}.Release|iPhone.Deploy.0 = Release|iPhone
		{C2328ABD-8C9B-4ECC-BE31-D81E73796368}.Release|iPhoneSimulator.ActiveCfg = Release|iPhoneSimulator
		{C2328ABD-8C9B-4ECC-BE31-D81E73796368}.Release|iPhoneSimulator.Build.0 = Release|iPhoneSimulator
		{C2328ABD-8C9B-4ECC-BE31-D81E73796368}.Release|iPhoneSimulator.Deploy.0 = Release|iPhoneSimulator
		{C2328ABD-8C9B-4ECC-BE31-D81E73796368}.Release|x64.ActiveCfg = Release|iPhone
		{C2328ABD-8C9B-4ECC-BE31-D81E73796368}.Release|x64.Build.0 = Release|iPhone
		{C2328ABD-8C9B-4ECC-BE31-D81E73796368}.Release|x64.Deploy.0 = Release|iPhone
		{C2328ABD-8C9B-4ECC-BE31-D81E73796368}.Release|x86.ActiveCfg = Release|iPhone
		{C2328ABD-8C9B-4ECC-BE31-D81E73796368}.Release|x86.Build.0 = Release|iPhone
		{C2328ABD-8C9B-4ECC-BE31-D81E73796368}.Release|x86.Deploy.0 = Release|iPhone
		{98738590-9C4B-4E0B-8F03-C417C3262B33}.Ad-Hoc|Any CPU.ActiveCfg = Release|x86
		{98738590-9C4B-4E0B-8F03-C417C3262B33}.Ad-Hoc|Any CPU.Build.0 = Release|x86
		{98738590-9C4B-4E0B-8F03-C417C3262B33}.Ad-Hoc|Any CPU.Deploy.0 = Release|x86
		{98738590-9C4B-4E0B-8F03-C417C3262B33}.Ad-Hoc|ARM.ActiveCfg = Release|ARM
		{98738590-9C4B-4E0B-8F03-C417C3262B33}.Ad-Hoc|ARM.Build.0 = Release|ARM
		{98738590-9C4B-4E0B-8F03-C417C3262B33}.Ad-Hoc|ARM.Deploy.0 = Release|ARM
		{98738590-9C4B-4E0B-8F03-C417C3262B33}.Ad-Hoc|iPhone.ActiveCfg = Release|x86
		{98738590-9C4B-4E0B-8F03-C417C3262B33}.Ad-Hoc|iPhone.Build.0 = Release|x86
		{98738590-9C4B-4E0B-8F03-C417C3262B33}.Ad-Hoc|iPhone.Deploy.0 = Release|x86
		{98738590-9C4B-4E0B-8F03-C417C3262B33}.Ad-Hoc|iPhoneSimulator.ActiveCfg = Release|x86
		{98738590-9C4B-4E0B-8F03-C417C3262B33}.Ad-Hoc|iPhoneSimulator.Build.0 = Release|x86
		{98738590-9C4B-4E0B-8F03-C417C3262B33}.Ad-Hoc|iPhoneSimulator.Deploy.0 = Release|x86
		{98738590-9C4B-4E0B-8F03-C417C3262B33}.Ad-Hoc|x64.ActiveCfg = Release|x64
		{98738590-9C4B-4E0B-8F03-C417C3262B33}.Ad-Hoc|x64.Build.0 = Release|x64
		{98738590-9C4B-4E0B-8F03-C417C3262B33}.Ad-Hoc|x64.Deploy.0 = Release|x64
		{98738590-9C4B-4E0B-8F03-C417C3262B33}.Ad-Hoc|x86.ActiveCfg = Release|x86
		{98738590-9C4B-4E0B-8F03-C417C3262B33}.Ad-Hoc|x86.Build.0 = Release|x86
		{98738590-9C4B-4E0B-8F03-C417C3262B33}.Ad-Hoc|x86.Deploy.0 = Release|x86
		{98738590-9C4B-4E0B-8F03-C417C3262B33}.AppStore|Any CPU.ActiveCfg = Release|x86
		{98738590-9C4B-4E0B-8F03-C417C3262B33}.AppStore|Any CPU.Build.0 = Release|x86
		{98738590-9C4B-4E0B-8F03-C417C3262B33}.AppStore|Any CPU.Deploy.0 = Release|x86
		{98738590-9C4B-4E0B-8F03-C417C3262B33}.AppStore|ARM.ActiveCfg = Release|ARM
		{98738590-9C4B-4E0B-8F03-C417C3262B33}.AppStore|ARM.Build.0 = Release|ARM
		{98738590-9C4B-4E0B-8F03-C417C3262B33}.AppStore|ARM.Deploy.0 = Release|ARM
		{98738590-9C4B-4E0B-8F03-C417C3262B33}.AppStore|iPhone.ActiveCfg = Release|x86
		{98738590-9C4B-4E0B-8F03-C417C3262B33}.AppStore|iPhone.Build.0 = Release|x86
		{98738590-9C4B-4E0B-8F03-C417C3262B33}.AppStore|iPhone.Deploy.0 = Release|x86
		{98738590-9C4B-4E0B-8F03-C417C3262B33}.AppStore|iPhoneSimulator.ActiveCfg = Release|x86
		{98738590-9C4B-4E0B-8F03-C417C3262B33}.AppStore|iPhoneSimulator.Build.0 = Release|x86
		{98738590-9C4B-4E0B-8F03-C417C3262B33}.AppStore|iPhoneSimulator.Deploy.0 = Release|x86
		{98738590-9C4B-4E0B-8F03-C417C3262B33}.AppStore|x64.ActiveCfg = Release|x64
		{98738590-9C4B-4E0B-8F03-C417C3262B33}.AppStore|x64.Build.0 = Release|x64
		{98738590-9C4B-4E0B-8F03-C417C3262B33}.AppStore|x64.Deploy.0 = Release|x64
		{98738590-9C4B-4E0B-8F03-C417C3262B33}.AppStore|x86.ActiveCfg = Release|x86
		{98738590-9C4B-4E0B-8F03-C417C3262B33}.AppStore|x86.Build.0 = Release|x86
		{98738590-9C4B-4E0B-8F03-C417C3262B33}.AppStore|x86.Deploy.0 = Release|x86
		{98738590-9C4B-4E0B-8F03-C417C3262B33}.Debug|Any CPU.ActiveCfg = Debug|x86
		{98738590-9C4B-4E0B-8F03-C417C3262B33}.Debug|Any CPU.Build.0 = Debug|x86
		{98738590-9C4B-4E0B-8F03-C417C3262B33}.Debug|Any CPU.Deploy.0 = Debug|x86
		{98738590-9C4B-4E0B-8F03-C417C3262B33}.Debug|ARM.ActiveCfg = Debug|ARM
		{98738590-9C4B-4E0B-8F03-C417C3262B33}.Debug|ARM.Build.0 = Debug|ARM
		{98738590-9C4B-4E0B-8F03-C417C3262B33}.Debug|ARM.Deploy.0 = Debug|ARM
		{98738590-9C4B-4E0B-8F03-C417C3262B33}.Debug|iPhone.ActiveCfg = Debug|x86
		{98738590-9C4B-4E0B-8F03-C417C3262B33}.Debug|iPhone.Build.0 = Debug|x86
		{98738590-9C4B-4E0B-8F03-C417C3262B33}.Debug|iPhone.Deploy.0 = Debug|x86
		{98738590-9C4B-4E0B-8F03-C417C3262B33}.Debug|iPhoneSimulator.ActiveCfg = Debug|x86
		{98738590-9C4B-4E0B-8F03-C417C3262B33}.Debug|iPhoneSimulator.Build.0 = Debug|x86
		{98738590-9C4B-4E0B-8F03-C417C3262B33}.Debug|iPhoneSimulator.Deploy.0 = Debug|x86
		{98738590-9C4B-4E0B-8F03-C417C3262B33}.Debug|x64.ActiveCfg = Debug|x64
		{98738590-9C4B-4E0B-8F03-C417C3262B33}.Debug|x64.Build.0 = Debug|x64
		{98738590-9C4B-4E0B-8F03-C417C3262B33}.Debug|x64.Deploy.0 = Debug|x64
		{98738590-9C4B-4E0B-8F03-C417C3262B33}.Debug|x86.ActiveCfg = Debug|x86
		{98738590-9C4B-4E0B-8F03-C417C3262B33}.Debug|x86.Build.0 = Debug|x86
		{98738590-9C4B-4E0B-8F03-C417C3262B33}.Debug|x86.Deploy.0 = Debug|x86
		{98738590-9C4B-4E0B-8F03-C417C3262B33}.Release|Any CPU.ActiveCfg = Release|x86
		{98738590-9C4B-4E0B-8F03-C417C3262B33}.Release|Any CPU.Build.0 = Release|x86
		{98738590-9C4B-4E0B-8F03-C417C3262B33}.Release|Any CPU.Deploy.0 = Release|x86
		{98738590-9C4B-4E0B-8F03-C417C3262B33}.Release|ARM.ActiveCfg = Release|ARM
		{98738590-9C4B-4E0B-8F03-C417C3262B33}.Release|ARM.Build.0 = Release|ARM
		{98738590-9C4B-4E0B-8F03-C417C3262B33}.Release|ARM.Deploy.0 = Release|ARM
		{98738590-9C4B-4E0B-8F03-C417C3262B33}.Release|iPhone.ActiveCfg = Release|x86
		{98738590-9C4B-4E0B-8F03-C417C3262B33}.Release|iPhone.Build.0 = Release|x86
		{98738590-9C4B-4E0B-8F03-C417C3262B33}.Release|iPhone.Deploy.0 = Release|x86
		{98738590-9C4B-4E0B-8F03-C417C3262B33}.Release|iPhoneSimulator.ActiveCfg = Release|x86
		{98738590-9C4B-4E0B-8F03-C417C3262B33}.Release|iPhoneSimulator.Build.0 = Release|x86
		{98738590-9C4B-4E0B-8F03-C417C3262B33}.Release|iPhoneSimulator.Deploy.0 = Release|x86
		{98738590-9C4B-4E0B-8F03-C417C3262B33}.Release|x64.ActiveCfg = Release|x64
		{98738590-9C4B-4E0B-8F03-C417C3262B33}.Release|x64.Build.0 = Release|x64
		{98738590-9C4B-4E0B-8F03-C417C3262B33}.Release|x64.Deploy.0 = Release|x64
		{98738590-9C4B-4E0B-8F03-C417C3262B33}.Release|x86.ActiveCfg = Release|x86
		{98738590-9C4B-4E0B-8F03-C417C3262B33}.Release|x86.Build.0 = Release|x86
		{98738590-9C4B-4E0B-8F03-C417C3262B33}.Release|x86.Deploy.0 = Release|x86
		{2FA4E31C-02FE-4B24-8739-447C91ED2CBE}.Ad-Hoc|Any CPU.ActiveCfg = Debug|Any CPU
		{2FA4E31C-02FE-4B24-8739-447C91ED2CBE}.Ad-Hoc|Any CPU.Build.0 = Debug|Any CPU
		{2FA4E31C-02FE-4B24-8739-447C91ED2CBE}.Ad-Hoc|Any CPU.Deploy.0 = Debug|Any CPU
		{2FA4E31C-02FE-4B24-8739-447C91ED2CBE}.Ad-Hoc|ARM.ActiveCfg = Debug|Any CPU
		{2FA4E31C-02FE-4B24-8739-447C91ED2CBE}.Ad-Hoc|ARM.Build.0 = Debug|Any CPU
		{2FA4E31C-02FE-4B24-8739-447C91ED2CBE}.Ad-Hoc|ARM.Deploy.0 = Debug|Any CPU
		{2FA4E31C-02FE-4B24-8739-447C91ED2CBE}.Ad-Hoc|iPhone.ActiveCfg = Debug|Any CPU
		{2FA4E31C-02FE-4B24-8739-447C91ED2CBE}.Ad-Hoc|iPhone.Build.0 = Debug|Any CPU
		{2FA4E31C-02FE-4B24-8739-447C91ED2CBE}.Ad-Hoc|iPhone.Deploy.0 = Debug|Any CPU
		{2FA4E31C-02FE-4B24-8739-447C91ED2CBE}.Ad-Hoc|iPhoneSimulator.ActiveCfg = Debug|Any CPU
		{2FA4E31C-02FE-4B24-8739-447C91ED2CBE}.Ad-Hoc|iPhoneSimulator.Build.0 = Debug|Any CPU
		{2FA4E31C-02FE-4B24-8739-447C91ED2CBE}.Ad-Hoc|iPhoneSimulator.Deploy.0 = Debug|Any CPU
		{2FA4E31C-02FE-4B24-8739-447C91ED2CBE}.Ad-Hoc|x64.ActiveCfg = Debug|Any CPU
		{2FA4E31C-02FE-4B24-8739-447C91ED2CBE}.Ad-Hoc|x64.Build.0 = Debug|Any CPU
		{2FA4E31C-02FE-4B24-8739-447C91ED2CBE}.Ad-Hoc|x64.Deploy.0 = Debug|Any CPU
		{2FA4E31C-02FE-4B24-8739-447C91ED2CBE}.Ad-Hoc|x86.ActiveCfg = Debug|Any CPU
		{2FA4E31C-02FE-4B24-8739-447C91ED2CBE}.Ad-Hoc|x86.Build.0 = Debug|Any CPU
		{2FA4E31C-02FE-4B24-8739-447C91ED2CBE}.Ad-Hoc|x86.Deploy.0 = Debug|Any CPU
		{2FA4E31C-02FE-4B24-8739-447C91ED2CBE}.AppStore|Any CPU.ActiveCfg = Debug|Any CPU
		{2FA4E31C-02FE-4B24-8739-447C91ED2CBE}.AppStore|Any CPU.Build.0 = Debug|Any CPU
		{2FA4E31C-02FE-4B24-8739-447C91ED2CBE}.AppStore|Any CPU.Deploy.0 = Debug|Any CPU
		{2FA4E31C-02FE-4B24-8739-447C91ED2CBE}.AppStore|ARM.ActiveCfg = Debug|Any CPU
		{2FA4E31C-02FE-4B24-8739-447C91ED2CBE}.AppStore|ARM.Build.0 = Debug|Any CPU
		{2FA4E31C-02FE-4B24-8739-447C91ED2CBE}.AppStore|ARM.Deploy.0 = Debug|Any CPU
		{2FA4E31C-02FE-4B24-8739-447C91ED2CBE}.AppStore|iPhone.ActiveCfg = Debug|Any CPU
		{2FA4E31C-02FE-4B24-8739-447C91ED2CBE}.AppStore|iPhone.Build.0 = Debug|Any CPU
		{2FA4E31C-02FE-4B24-8739-447C91ED2CBE}.AppStore|iPhone.Deploy.0 = Debug|Any CPU
		{2FA4E31C-02FE-4B24-8739-447C91ED2CBE}.AppStore|iPhoneSimulator.ActiveCfg = Debug|Any CPU
		{2FA4E31C-02FE-4B24-8739-447C91ED2CBE}.AppStore|iPhoneSimulator.Build.0 = Debug|Any CPU
		{2FA4E31C-02FE-4B24-8739-447C91ED2CBE}.AppStore|iPhoneSimulator.Deploy.0 = Debug|Any CPU
		{2FA4E31C-02FE-4B24-8739-447C91ED2CBE}.AppStore|x64.ActiveCfg = Debug|Any CPU
		{2FA4E31C-02FE-4B24-8739-447C91ED2CBE}.AppStore|x64.Build.0 = Debug|Any CPU
		{2FA4E31C-02FE-4B24-8739-447C91ED2CBE}.AppStore|x64.Deploy.0 = Debug|Any CPU
		{2FA4E31C-02FE-4B24-8739-447C91ED2CBE}.AppStore|x86.ActiveCfg = Debug|Any CPU
		{2FA4E31C-02FE-4B24-8739-447C91ED2CBE}.AppStore|x86.Build.0 = Debug|Any CPU
		{2FA4E31C-02FE-4B24-8739-447C91ED2CBE}.AppStore|x86.Deploy.0 = Debug|Any CPU
		{2FA4E31C-02FE-4B24-8739-447C91ED2CBE}.Debug|Any CPU.ActiveCfg = Debug|Any CPU
		{2FA4E31C-02FE-4B24-8739-447C91ED2CBE}.Debug|Any CPU.Build.0 = Debug|Any CPU
		{2FA4E31C-02FE-4B24-8739-447C91ED2CBE}.Debug|Any CPU.Deploy.0 = Debug|Any CPU
		{2FA4E31C-02FE-4B24-8739-447C91ED2CBE}.Debug|ARM.ActiveCfg = Debug|Any CPU
		{2FA4E31C-02FE-4B24-8739-447C91ED2CBE}.Debug|ARM.Build.0 = Debug|Any CPU
		{2FA4E31C-02FE-4B24-8739-447C91ED2CBE}.Debug|ARM.Deploy.0 = Debug|Any CPU
		{2FA4E31C-02FE-4B24-8739-447C91ED2CBE}.Debug|iPhone.ActiveCfg = Debug|Any CPU
		{2FA4E31C-02FE-4B24-8739-447C91ED2CBE}.Debug|iPhone.Build.0 = Debug|Any CPU
		{2FA4E31C-02FE-4B24-8739-447C91ED2CBE}.Debug|iPhone.Deploy.0 = Debug|Any CPU
		{2FA4E31C-02FE-4B24-8739-447C91ED2CBE}.Debug|iPhoneSimulator.ActiveCfg = Debug|Any CPU
		{2FA4E31C-02FE-4B24-8739-447C91ED2CBE}.Debug|iPhoneSimulator.Build.0 = Debug|Any CPU
		{2FA4E31C-02FE-4B24-8739-447C91ED2CBE}.Debug|iPhoneSimulator.Deploy.0 = Debug|Any CPU
		{2FA4E31C-02FE-4B24-8739-447C91ED2CBE}.Debug|x64.ActiveCfg = Debug|Any CPU
		{2FA4E31C-02FE-4B24-8739-447C91ED2CBE}.Debug|x64.Build.0 = Debug|Any CPU
		{2FA4E31C-02FE-4B24-8739-447C91ED2CBE}.Debug|x64.Deploy.0 = Debug|Any CPU
		{2FA4E31C-02FE-4B24-8739-447C91ED2CBE}.Debug|x86.ActiveCfg = Debug|Any CPU
		{2FA4E31C-02FE-4B24-8739-447C91ED2CBE}.Debug|x86.Build.0 = Debug|Any CPU
		{2FA4E31C-02FE-4B24-8739-447C91ED2CBE}.Debug|x86.Deploy.0 = Debug|Any CPU
		{2FA4E31C-02FE-4B24-8739-447C91ED2CBE}.Release|Any CPU.ActiveCfg = Release|Any CPU
		{2FA4E31C-02FE-4B24-8739-447C91ED2CBE}.Release|Any CPU.Build.0 = Release|Any CPU
		{2FA4E31C-02FE-4B24-8739-447C91ED2CBE}.Release|Any CPU.Deploy.0 = Release|Any CPU
		{2FA4E31C-02FE-4B24-8739-447C91ED2CBE}.Release|ARM.ActiveCfg = Release|Any CPU
		{2FA4E31C-02FE-4B24-8739-447C91ED2CBE}.Release|ARM.Build.0 = Release|Any CPU
		{2FA4E31C-02FE-4B24-8739-447C91ED2CBE}.Release|ARM.Deploy.0 = Release|Any CPU
		{2FA4E31C-02FE-4B24-8739-447C91ED2CBE}.Release|iPhone.ActiveCfg = Release|Any CPU
		{2FA4E31C-02FE-4B24-8739-447C91ED2CBE}.Release|iPhone.Build.0 = Release|Any CPU
		{2FA4E31C-02FE-4B24-8739-447C91ED2CBE}.Release|iPhone.Deploy.0 = Release|Any CPU
		{2FA4E31C-02FE-4B24-8739-447C91ED2CBE}.Release|iPhoneSimulator.ActiveCfg = Release|Any CPU
		{2FA4E31C-02FE-4B24-8739-447C91ED2CBE}.Release|iPhoneSimulator.Build.0 = Release|Any CPU
		{2FA4E31C-02FE-4B24-8739-447C91ED2CBE}.Release|iPhoneSimulator.Deploy.0 = Release|Any CPU
		{2FA4E31C-02FE-4B24-8739-447C91ED2CBE}.Release|x64.ActiveCfg = Release|Any CPU
		{2FA4E31C-02FE-4B24-8739-447C91ED2CBE}.Release|x64.Build.0 = Release|Any CPU
		{2FA4E31C-02FE-4B24-8739-447C91ED2CBE}.Release|x64.Deploy.0 = Release|Any CPU
		{2FA4E31C-02FE-4B24-8739-447C91ED2CBE}.Release|x86.ActiveCfg = Release|Any CPU
		{2FA4E31C-02FE-4B24-8739-447C91ED2CBE}.Release|x86.Build.0 = Release|Any CPU
		{2FA4E31C-02FE-4B24-8739-447C91ED2CBE}.Release|x86.Deploy.0 = Release|Any CPU
	EndGlobalSection
	GlobalSection(SolutionProperties) = preSolution
		HideSolutionNode = FALSE
	EndGlobalSection
	GlobalSection(ExtensibilityGlobals) = postSolution
		SolutionGuid = {975D5909-E3F2-445B-BEDE-4B1A64F06A2C}
	EndGlobalSection
EndGlobal
